
Microsoft Visual Studio Solution File, Format Version 12.00
# Visual Studio Version 16
VisualStudioVersion = 16.0.31424.327
MinimumVisualStudioVersion = 10.0.40219.1
Project("{FAE04EC0-301F-11D3-BF4B-00C04F79EFBC}") = "cmpg323project2try", "cmpg323project2try.csproj", "{5E37FACC-C7BD-4D88-859D-3636F3611300}"
EndProject
Global
	GlobalSection(SolutionConfigurationPlatforms) = preSolution
		Debug|Any CPU = Debug|Any CPU
		Release|Any CPU = Release|Any CPU
	EndGlobalSection
	GlobalSection(ProjectConfigurationPlatforms) = postSolution
		{5E37FACC-C7BD-4D88-859D-3636F3611300}.Debug|Any CPU.ActiveCfg = Debug|Any CPU
		{5E37FACC-C7BD-4D88-859D-3636F3611300}.Debug|Any CPU.Build.0 = Debug|Any CPU
		{5E37FACC-C7BD-4D88-859D-3636F3611300}.Release|Any CPU.ActiveCfg = Release|Any CPU
		{5E37FACC-C7BD-4D88-859D-3636F3611300}.Release|Any CPU.Build.0 = Release|Any CPU
	EndGlobalSection
	GlobalSection(SolutionProperties) = preSolution
		HideSolutionNode = FALSE
	EndGlobalSection
	GlobalSection(ExtensibilityGlobals) = postSolution
		SolutionGuid = {B92B4A85-AB7A-47DA-9008-F216BD76614F}
	EndGlobalSection
EndGlobal
